
Microsoft Visual Studio Solution File, Format Version 12.00
# Visual Studio Version 16
VisualStudioVersion = 16.0.32929.386
MinimumVisualStudioVersion = 10.0.40219.1
Project("{FAE04EC0-301F-11D3-BF4B-00C04F79EFBC}") = "Lab 23", "Lab 23.csproj", "{02CB815A-FF79-4367-AB02-CF1E8FE61726}"
EndProject
Global
	GlobalSection(SolutionConfigurationPlatforms) = preSolution
		Debug|Any CPU = Debug|Any CPU
		Release|Any CPU = Release|Any CPU
	EndGlobalSection
	GlobalSection(ProjectConfigurationPlatforms) = postSolution
		{02CB815A-FF79-4367-AB02-CF1E8FE61726}.Debug|Any CPU.ActiveCfg = Debug|Any CPU
		{02CB815A-FF79-4367-AB02-CF1E8FE61726}.Debug|Any CPU.Build.0 = Debug|Any CPU
		{02CB815A-FF79-4367-AB02-CF1E8FE61726}.Release|Any CPU.ActiveCfg = Release|Any CPU
		{02CB815A-FF79-4367-AB02-CF1E8FE61726}.Release|Any CPU.Build.0 = Release|Any CPU
	EndGlobalSection
	GlobalSection(SolutionProperties) = preSolution
		HideSolutionNode = FALSE
	EndGlobalSection
	GlobalSection(ExtensibilityGlobals) = postSolution
		SolutionGuid = {BFDB8CBD-3821-4389-B725-0B4024881137}
	EndGlobalSection
EndGlobal
